// !$*UTF8*$!
{
	archiveVersion = 1;
	classes = {
	};
	objectVersion = 50;
	objects = {

/* Begin PBXBuildFile section */
		1BABB52D25715B5600CD08F2 /* ButtonAppApp.swift in Sources */ = {isa = PBXBuildFile; fileRef = 1BABB52C25715B5600CD08F2 /* ButtonAppApp.swift */; };
		1BABB52F25715B5600CD08F2 /* ContentView.swift in Sources */ = {isa = PBXBuildFile; fileRef = 1BABB52E25715B5600CD08F2 /* ContentView.swift */; };
		1BABB53125715B5700CD08F2 /* Assets.xcassets in Resources */ = {isa = PBXBuildFile; fileRef = 1BABB53025715B5700CD08F2 /* Assets.xcassets */; };
		1BABB53425715B5700CD08F2 /* Preview Assets.xcassets in Resources */ = {isa = PBXBuildFile; fileRef = 1BABB53325715B5700CD08F2 /* Preview Assets.xcassets */; };
		1BABB53F25715B5700CD08F2 /* ButtonAppTests.swift in Sources */ = {isa = PBXBuildFile; fileRef = 1BABB53E25715B5700CD08F2 /* ButtonAppTests.swift */; };
		1BABB54A25715B5700CD08F2 /* ButtonAppUITests.swift in Sources */ = {isa = PBXBuildFile; fileRef = 1BABB54925715B5700CD08F2 /* ButtonAppUITests.swift */; };
/* End PBXBuildFile section */

/* Begin PBXContainerItemProxy section */
		1BABB53B25715B5700CD08F2 /* PBXContainerItemProxy */ = {
			isa = PBXContainerItemProxy;
			containerPortal = 1BABB52125715B5600CD08F2 /* Project object */;
			proxyType = 1;
			remoteGlobalIDString = 1BABB52825715B5600CD08F2;
			remoteInfo = ButtonApp;
		};
		1BABB54625715B5700CD08F2 /* PBXContainerItemProxy */ = {
			isa = PBXContainerItemProxy;
			containerPortal = 1BABB52125715B5600CD08F2 /* Project object */;
			proxyType = 1;
			remoteGlobalIDString = 1BABB52825715B5600CD08F2;
			remoteInfo = ButtonApp;
		};
/* End PBXContainerItemProxy section */

/* Begin PBXFileReference section */
		1BABB52925715B5600CD08F2 /* ButtonApp.app */ = {isa = PBXFileReference; explicitFileType = wrapper.application; includeInIndex = 0; path = ButtonApp.app; sourceTree = BUILT_PRODUCTS_DIR; };
		1BABB52C25715B5600CD08F2 /* ButtonAppApp.swift */ = {isa = PBXFileReference; lastKnownFileType = sourcecode.swift; path = ButtonAppApp.swift; sourceTree = "<group>"; };
		1BABB52E25715B5600CD08F2 /* ContentView.swift */ = {isa = PBXFileReference; lastKnownFileType = sourcecode.swift; path = ContentView.swift; sourceTree = "<group>"; };
		1BABB53025715B5700CD08F2 /* Assets.xcassets */ = {isa = PBXFileReference; lastKnownFileType = folder.assetcatalog; path = Assets.xcassets; sourceTree = "<group>"; };
		1BABB53325715B5700CD08F2 /* Preview Assets.xcassets */ = {isa = PBXFileReference; lastKnownFileType = folder.assetcatalog; path = "Preview Assets.xcassets"; sourceTree = "<group>"; };
		1BABB53525715B5700CD08F2 /* Info.plist */ = {isa = PBXFileReference; lastKnownFileType = text.plist.xml; path = Info.plist; sourceTree = "<group>"; };
		1BABB53A25715B5700CD08F2 /* ButtonAppTests.xctest */ = {isa = PBXFileReference; explicitFileType = wrapper.cfbundle; includeInIndex = 0; path = ButtonAppTests.xctest; sourceTree = BUILT_PRODUCTS_DIR; };
		1BABB53E25715B5700CD08F2 /* ButtonAppTests.swift */ = {isa = PBXFileReference; lastKnownFileType = sourcecode.swift; path = ButtonAppTests.swift; sourceTree = "<group>"; };
		1BABB54025715B5700CD08F2 /* Info.plist */ = {isa = PBXFileReference; lastKnownFileType = text.plist.xml; path = Info.plist; sourceTree = "<group>"; };
		1BABB54525715B5700CD08F2 /* ButtonAppUITests.xctest */ = {isa = PBXFileReference; explicitFileType = wrapper.cfbundle; includeInIndex = 0; path = ButtonAppUITests.xctest; sourceTree = BUILT_PRODUCTS_DIR; };
		1BABB54925715B5700CD08F2 /* ButtonAppUITests.swift */ = {isa = PBXFileReference; lastKnownFileType = sourcecode.swift; path = ButtonAppUITests.swift; sourceTree = "<group>"; };
		1BABB54B25715B5700CD08F2 /* Info.plist */ = {isa = PBXFileReference; lastKnownFileType = text.plist.xml; path = Info.plist; sourceTree = "<group>"; };
/* End PBXFileReference section */

/* Begin PBXFrameworksBuildPhase section */
		1BABB52625715B5600CD08F2 /* Frameworks */ = {
			isa = PBXFrameworksBuildPhase;
			buildActionMask = 2147483647;
			files = (
			);
			runOnlyForDeploymentPostprocessing = 0;
		};
		1BABB53725715B5700CD08F2 /* Frameworks */ = {
			isa = PBXFrameworksBuildPhase;
			buildActionMask = 2147483647;
			files = (
			);
			runOnlyForDeploymentPostprocessing = 0;
		};
		1BABB54225715B5700CD08F2 /* Frameworks */ = {
			isa = PBXFrameworksBuildPhase;
			buildActionMask = 2147483647;
			files = (
			);
			runOnlyForDeploymentPostprocessing = 0;
		};
/* End PBXFrameworksBuildPhase section */

/* Begin PBXGroup section */
		1BABB52025715B5600CD08F2 = {
			isa = PBXGroup;
			children = (
				1BABB52B25715B5600CD08F2 /* ButtonApp */,
				1BABB53D25715B5700CD08F2 /* ButtonAppTests */,
				1BABB54825715B5700CD08F2 /* ButtonAppUITests */,
				1BABB52A25715B5600CD08F2 /* Products */,
			);
			sourceTree = "<group>";
		};
		1BABB52A25715B5600CD08F2 /* Products */ = {
			isa = PBXGroup;
			children = (
				1BABB52925715B5600CD08F2 /* ButtonApp.app */,
				1BABB53A25715B5700CD08F2 /* ButtonAppTests.xctest */,
				1BABB54525715B5700CD08F2 /* ButtonAppUITests.xctest */,
			);
			name = Products;
			sourceTree = "<group>";
		};
		1BABB52B25715B5600CD08F2 /* ButtonApp */ = {
			isa = PBXGroup;
			children = (
				1BABB52C25715B5600CD08F2 /* ButtonAppApp.swift */,
				1BABB52E25715B5600CD08F2 /* ContentView.swift */,
				1BABB53025715B5700CD08F2 /* Assets.xcassets */,
				1BABB53525715B5700CD08F2 /* Info.plist */,
				1BABB53225715B5700CD08F2 /* Preview Content */,
			);
			path = ButtonApp;
			sourceTree = "<group>";
		};
		1BABB53225715B5700CD08F2 /* Preview Content */ = {
			isa = PBXGroup;
			children = (
				1BABB53325715B5700CD08F2 /* Preview Assets.xcassets */,
			);
			path = "Preview Content";
			sourceTree = "<group>";
		};
		1BABB53D25715B5700CD08F2 /* ButtonAppTests */ = {
			isa = PBXGroup;
			children = (
				1BABB53E25715B5700CD08F2 /* ButtonAppTests.swift */,
				1BABB54025715B5700CD08F2 /* Info.plist */,
			);
			path = ButtonAppTests;
			sourceTree = "<group>";
		};
		1BABB54825715B5700CD08F2 /* ButtonAppUITests */ = {
			isa = PBXGroup;
			children = (
				1BABB54925715B5700CD08F2 /* ButtonAppUITests.swift */,
				1BABB54B25715B5700CD08F2 /* Info.plist */,
			);
			path = ButtonAppUITests;
			sourceTree = "<group>";
		};
/* End PBXGroup section */

/* Begin PBXNativeTarget section */
		1BABB52825715B5600CD08F2 /* ButtonApp */ = {
			isa = PBXNativeTarget;
			buildConfigurationList = 1BABB54E25715B5700CD08F2 /* Build configuration list for PBXNativeTarget "ButtonApp" */;
			buildPhases = (
				1BABB52525715B5600CD08F2 /* Sources */,
				1BABB52625715B5600CD08F2 /* Frameworks */,
				1BABB52725715B5600CD08F2 /* Resources */,
			);
			buildRules = (
			);
			dependencies = (
			);
			name = ButtonApp;
			productName = ButtonApp;
			productReference = 1BABB52925715B5600CD08F2 /* ButtonApp.app */;
			productType = "com.apple.product-type.application";
		};
		1BABB53925715B5700CD08F2 /* ButtonAppTests */ = {
			isa = PBXNativeTarget;
			buildConfigurationList = 1BABB55125715B5700CD08F2 /* Build configuration list for PBXNativeTarget "ButtonAppTests" */;
			buildPhases = (
				1BABB53625715B5700CD08F2 /* Sources */,
				1BABB53725715B5700CD08F2 /* Frameworks */,
				1BABB53825715B5700CD08F2 /* Resources */,
			);
			buildRules = (
			);
			dependencies = (
				1BABB53C25715B5700CD08F2 /* PBXTargetDependency */,
			);
			name = ButtonAppTests;
			productName = ButtonAppTests;
			productReference = 1BABB53A25715B5700CD08F2 /* ButtonAppTests.xctest */;
			productType = "com.apple.product-type.bundle.unit-test";
		};
		1BABB54425715B5700CD08F2 /* ButtonAppUITests */ = {
			isa = PBXNativeTarget;
			buildConfigurationList = 1BABB55425715B5700CD08F2 /* Build configuration list for PBXNativeTarget "ButtonAppUITests" */;
			buildPhases = (
				1BABB54125715B5700CD08F2 /* Sources */,
				1BABB54225715B5700CD08F2 /* Frameworks */,
				1BABB54325715B5700CD08F2 /* Resources */,
			);
			buildRules = (
			);
			dependencies = (
				1BABB54725715B5700CD08F2 /* PBXTargetDependency */,
			);
			name = ButtonAppUITests;
			productName = ButtonAppUITests;
			productReference = 1BABB54525715B5700CD08F2 /* ButtonAppUITests.xctest */;
			productType = "com.apple.product-type.bundle.ui-testing";
		};
/* End PBXNativeTarget section */

/* Begin PBXProject section */
		1BABB52125715B5600CD08F2 /* Project object */ = {
			isa = PBXProject;
			attributes = {
				LastSwiftUpdateCheck = 1220;
				LastUpgradeCheck = 1220;
				TargetAttributes = {
					1BABB52825715B5600CD08F2 = {
						CreatedOnToolsVersion = 12.2;
					};
					1BABB53925715B5700CD08F2 = {
						CreatedOnToolsVersion = 12.2;
						TestTargetID = 1BABB52825715B5600CD08F2;
					};
					1BABB54425715B5700CD08F2 = {
						CreatedOnToolsVersion = 12.2;
						TestTargetID = 1BABB52825715B5600CD08F2;
					};
				};
			};
			buildConfigurationList = 1BABB52425715B5600CD08F2 /* Build configuration list for PBXProject "ButtonApp" */;
			compatibilityVersion = "Xcode 9.3";
			developmentRegion = en;
			hasScannedForEncodings = 0;
			knownRegions = (
				en,
				Base,
			);
			mainGroup = 1BABB52025715B5600CD08F2;
			productRefGroup = 1BABB52A25715B5600CD08F2 /* Products */;
			projectDirPath = "";
			projectRoot = "";
			targets = (
				1BABB52825715B5600CD08F2 /* ButtonApp */,
				1BABB53925715B5700CD08F2 /* ButtonAppTests */,
				1BABB54425715B5700CD08F2 /* ButtonAppUITests */,
			);
		};
/* End PBXProject section */

/* Begin PBXResourcesBuildPhase section */
		1BABB52725715B5600CD08F2 /* Resources */ = {
			isa = PBXResourcesBuildPhase;
			buildActionMask = 2147483647;
			files = (
				1BABB53425715B5700CD08F2 /* Preview Assets.xcassets in Resources */,
				1BABB53125715B5700CD08F2 /* Assets.xcassets in Resources */,
			);
			runOnlyForDeploymentPostprocessing = 0;
		};
		1BABB53825715B5700CD08F2 /* Resources */ = {
			isa = PBXResourcesBuildPhase;
			buildActionMask = 2147483647;
			files = (
			);
			runOnlyForDeploymentPostprocessing = 0;
		};
		1BABB54325715B5700CD08F2 /* Resources */ = {
			isa = PBXResourcesBuildPhase;
			buildActionMask = 2147483647;
			files = (
			);
			runOnlyForDeploymentPostprocessing = 0;
		};
/* End PBXResourcesBuildPhase section */

/* Begin PBXSourcesBuildPhase section */
		1BABB52525715B5600CD08F2 /* Sources */ = {
			isa = PBXSourcesBuildPhase;
			buildActionMask = 2147483647;
			files = (
				1BABB52F25715B5600CD08F2 /* ContentView.swift in Sources */,
				1BABB52D25715B5600CD08F2 /* ButtonAppApp.swift in Sources */,
			);
			runOnlyForDeploymentPostprocessing = 0;
		};
		1BABB53625715B5700CD08F2 /* Sources */ = {
			isa = PBXSourcesBuildPhase;
			buildActionMask = 2147483647;
			files = (
				1BABB53F25715B5700CD08F2 /* ButtonAppTests.swift in Sources */,
			);
			runOnlyForDeploymentPostprocessing = 0;
		};
		1BABB54125715B5700CD08F2 /* Sources */ = {
			isa = PBXSourcesBuildPhase;
			buildActionMask = 2147483647;
			files = (
				1BABB54A25715B5700CD08F2 /* ButtonAppUITests.swift in Sources */,
			);
			runOnlyForDeploymentPostprocessing = 0;
		};
/* End PBXSourcesBuildPhase section */

/* Begin PBXTargetDependency section */
		1BABB53C25715B5700CD08F2 /* PBXTargetDependency */ = {
			isa = PBXTargetDependency;
			target = 1BABB52825715B5600CD08F2 /* ButtonApp */;
			targetProxy = 1BABB53B25715B5700CD08F2 /* PBXContainerItemProxy */;
		};
		1BABB54725715B5700CD08F2 /* PBXTargetDependency */ = {
			isa = PBXTargetDependency;
			target = 1BABB52825715B5600CD08F2 /* ButtonApp */;
			targetProxy = 1BABB54625715B5700CD08F2 /* PBXContainerItemProxy */;
		};
/* End PBXTargetDependency section */

/* Begin XCBuildConfiguration section */
		1BABB54C25715B5700CD08F2 /* Debug */ = {
			isa = XCBuildConfiguration;
			buildSettings = {
				ALWAYS_SEARCH_USER_PATHS = NO;
				CLANG_ANALYZER_NONNULL = YES;
				CLANG_ANALYZER_NUMBER_OBJECT_CONVERSION = YES_AGGRESSIVE;
				CLANG_CXX_LANGUAGE_STANDARD = "gnu++14";
				CLANG_CXX_LIBRARY = "libc++";
				CLANG_ENABLE_MODULES = YES;
				CLANG_ENABLE_OBJC_ARC = YES;
				CLANG_ENABLE_OBJC_WEAK = YES;
				CLANG_WARN_BLOCK_CAPTURE_AUTORELEASING = YES;
				CLANG_WARN_BOOL_CONVERSION = YES;
				CLANG_WARN_COMMA = YES;
				CLANG_WARN_CONSTANT_CONVERSION = YES;
				CLANG_WARN_DEPRECATED_OBJC_IMPLEMENTATIONS = YES;
				CLANG_WARN_DIRECT_OBJC_ISA_USAGE = YES_ERROR;
				CLANG_WARN_DOCUMENTATION_COMMENTS = YES;
				CLANG_WARN_EMPTY_BODY = YES;
				CLANG_WARN_ENUM_CONVERSION = YES;
				CLANG_WARN_INFINITE_RECURSION = YES;
				CLANG_WARN_INT_CONVERSION = YES;
				CLANG_WARN_NON_LITERAL_NULL_CONVERSION = YES;
				CLANG_WARN_OBJC_IMPLICIT_RETAIN_SELF = YES;
				CLANG_WARN_OBJC_LITERAL_CONVERSION = YES;
				CLANG_WARN_OBJC_ROOT_CLASS = YES_ERROR;
				CLANG_WARN_QUOTED_INCLUDE_IN_FRAMEWORK_HEADER = YES;
				CLANG_WARN_RANGE_LOOP_ANALYSIS = YES;
				CLANG_WARN_STRICT_PROTOTYPES = YES;
				CLANG_WARN_SUSPICIOUS_MOVE = YES;
				CLANG_WARN_UNGUARDED_AVAILABILITY = YES_AGGRESSIVE;
				CLANG_WARN_UNREACHABLE_CODE = YES;
				CLANG_WARN__DUPLICATE_METHOD_MATCH = YES;
				COPY_PHASE_STRIP = NO;
				DEBUG_INFORMATION_FORMAT = dwarf;
				ENABLE_STRICT_OBJC_MSGSEND = YES;
				ENABLE_TESTABILITY = YES;
				GCC_C_LANGUAGE_STANDARD = gnu11;
				GCC_DYNAMIC_NO_PIC = NO;
				GCC_NO_COMMON_BLOCKS = YES;
				GCC_OPTIMIZATION_LEVEL = 0;
				GCC_PREPROCESSOR_DEFINITIONS = (
					"DEBUG=1",
					"$(inherited)",
				);
				GCC_WARN_64_TO_32_BIT_CONVERSION = YES;
				GCC_WARN_ABOUT_RETURN_TYPE = YES_ERROR;
				GCC_WARN_UNDECLARED_SELECTOR = YES;
				GCC_WARN_UNINITIALIZED_AUTOS = YES_AGGRESSIVE;
				GCC_WARN_UNUSED_FUNCTION = YES;
				GCC_WARN_UNUSED_VARIABLE = YES;
				IPHONEOS_DEPLOYMENT_TARGET = 14.2;
				MTL_ENABLE_DEBUG_INFO = INCLUDE_SOURCE;
				MTL_FAST_MATH = YES;
				ONLY_ACTIVE_ARCH = YES;
				SDKROOT = iphoneos;
				SWIFT_ACTIVE_COMPILATION_CONDITIONS = DEBUG;
				SWIFT_OPTIMIZATION_LEVEL = "-Onone";
			};
			name = Debug;
		};
		1BABB54D25715B5700CD08F2 /* Release */ = {
			isa = XCBuildConfiguration;
			buildSettings = {
				ALWAYS_SEARCH_USER_PATHS = NO;
				CLANG_ANALYZER_NONNULL = YES;
				CLANG_ANALYZER_NUMBER_OBJECT_CONVERSION = YES_AGGRESSIVE;
				CLANG_CXX_LANGUAGE_STANDARD = "gnu++14";
				CLANG_CXX_LIBRARY = "libc++";
				CLANG_ENABLE_MODULES = YES;
				CLANG_ENABLE_OBJC_ARC = YES;
				CLANG_ENABLE_OBJC_WEAK = YES;
				CLANG_WARN_BLOCK_CAPTURE_AUTORELEASING = YES;
				CLANG_WARN_BOOL_CONVERSION = YES;
				CLANG_WARN_COMMA = YES;
				CLANG_WARN_CONSTANT_CONVERSION = YES;
				CLANG_WARN_DEPRECATED_OBJC_IMPLEMENTATIONS = YES;
				CLANG_WARN_DIRECT_OBJC_ISA_USAGE = YES_ERROR;
				CLANG_WARN_DOCUMENTATION_COMMENTS = YES;
				CLANG_WARN_EMPTY_BODY = YES;
				CLANG_WARN_ENUM_CONVERSION = YES;
				CLANG_WARN_INFINITE_RECURSION = YES;
				CLANG_WARN_INT_CONVERSION = YES;
				CLANG_WARN_NON_LITERAL_NULL_CONVERSION = YES;
				CLANG_WARN_OBJC_IMPLICIT_RETAIN_SELF = YES;
				CLANG_WARN_OBJC_LITERAL_CONVERSION = YES;
				CLANG_WARN_OBJC_ROOT_CLASS = YES_ERROR;
				CLANG_WARN_QUOTED_INCLUDE_IN_FRAMEWORK_HEADER = YES;
				CLANG_WARN_RANGE_LOOP_ANALYSIS = YES;
				CLANG_WARN_STRICT_PROTOTYPES = YES;
				CLANG_WARN_SUSPICIOUS_MOVE = YES;
				CLANG_WARN_UNGUARDED_AVAILABILITY = YES_AGGRESSIVE;
				CLANG_WARN_UNREACHABLE_CODE = YES;
				CLANG_WARN__DUPLICATE_METHOD_MATCH = YES;
				COPY_PHASE_STRIP = NO;
				DEBUG_INFORMATION_FORMAT = "dwarf-with-dsym";
				ENABLE_NS_ASSERTIONS = NO;
				ENABLE_STRICT_OBJC_MSGSEND = YES;
				GCC_C_LANGUAGE_STANDARD = gnu11;
				GCC_NO_COMMON_BLOCKS = YES;
				GCC_WARN_64_TO_32_BIT_CONVERSION = YES;
				GCC_WARN_ABOUT_RETURN_TYPE = YES_ERROR;
				GCC_WARN_UNDECLARED_SELECTOR = YES;
				GCC_WARN_UNINITIALIZED_AUTOS = YES_AGGRESSIVE;
				GCC_WARN_UNUSED_FUNCTION = YES;
				GCC_WARN_UNUSED_VARIABLE = YES;
				IPHONEOS_DEPLOYMENT_TARGET = 14.2;
				MTL_ENABLE_DEBUG_INFO = NO;
				MTL_FAST_MATH = YES;
				SDKROOT = iphoneos;
				SWIFT_COMPILATION_MODE = wholemodule;
				SWIFT_OPTIMIZATION_LEVEL = "-O";
				VALIDATE_PRODUCT = YES;
			};
			name = Release;
		};
		1BABB54F25715B5700CD08F2 /* Debug */ = {
			isa = XCBuildConfiguration;
			buildSettings = {
				ASSETCATALOG_COMPILER_APPICON_NAME = AppIcon;
				ASSETCATALOG_COMPILER_GLOBAL_ACCENT_COLOR_NAME = AccentColor;
				CODE_SIGN_STYLE = Automatic;
				DEVELOPMENT_ASSET_PATHS = "\"ButtonApp/Preview Content\"";
				DEVELOPMENT_TEAM = BLD99DCH97;
				ENABLE_PREVIEWS = YES;
				INFOPLIST_FILE = ButtonApp/Info.plist;
				IPHONEOS_DEPLOYMENT_TARGET = 14.0;
				LD_RUNPATH_SEARCH_PATHS = (
					"$(inherited)",
					"@executable_path/Frameworks",
				);
				PRODUCT_BUNDLE_IDENTIFIER = home.ButtonApp;
				PRODUCT_NAME = "$(TARGET_NAME)";
				SWIFT_VERSION = 5.0;
				TARGETED_DEVICE_FAMILY = "1,2";
			};
			name = Debug;
		};
		1BABB55025715B5700CD08F2 /* Release */ = {
			isa = XCBuildConfiguration;
			buildSettings = {
				ASSETCATALOG_COMPILER_APPICON_NAME = AppIcon;
				ASSETCATALOG_COMPILER_GLOBAL_ACCENT_COLOR_NAME = AccentColor;
				CODE_SIGN_STYLE = Automatic;
				DEVELOPMENT_ASSET_PATHS = "\"ButtonApp/Preview Content\"";
				DEVELOPMENT_TEAM = BLD99DCH97;
				ENABLE_PREVIEWS = YES;
				INFOPLIST_FILE = ButtonApp/Info.plist;
				IPHONEOS_DEPLOYMENT_TARGET = 14.0;
				LD_RUNPATH_SEARCH_PATHS = (
					"$(inherited)",
					"@executable_path/Frameworks",
				);
				PRODUCT_BUNDLE_IDENTIFIER = home.ButtonApp;
				PRODUCT_NAME = "$(TARGET_NAME)";
				SWIFT_VERSION = 5.0;
				TARGETED_DEVICE_FAMILY = "1,2";
			};
			name = Release;
		};
		1BABB55225715B5700CD08F2 /* Debug */ = {
			isa = XCBuildConfiguration;
			buildSettings = {
				ALWAYS_EMBED_SWIFT_STANDARD_LIBRARIES = YES;
				BUNDLE_LOADER = "$(TEST_HOST)";
				CODE_SIGN_STYLE = Automatic;
				DEVELOPMENT_TEAM = BLD99DCH97;
				INFOPLIST_FILE = ButtonAppTests/Info.plist;
				IPHONEOS_DEPLOYMENT_TARGET = 14.0;
				LD_RUNPATH_SEARCH_PATHS = (
					"$(inherited)",
					"@executable_path/Frameworks",
					"@loader_path/Frameworks",
				);
				PRODUCT_BUNDLE_IDENTIFIER = home.ButtonAppTests;
				PRODUCT_NAME = "$(TARGET_NAME)";
				SWIFT_VERSION = 5.0;
				TARGETED_DEVICE_FAMILY = "1,2";
				TEST_HOST = "$(BUILT_PRODUCTS_DIR)/ButtonApp.app/ButtonApp";
			};
			name = Debug;
		};
		1BABB55325715B5700CD08F2 /* Release */ = {
			isa = XCBuildConfiguration;
			buildSettings = {
				ALWAYS_EMBED_SWIFT_STANDARD_LIBRARIES = YES;
				BUNDLE_LOADER = "$(TEST_HOST)";
				CODE_SIGN_STYLE = Automatic;
				DEVELOPMENT_TEAM = BLD99DCH97;
				INFOPLIST_FILE = ButtonAppTests/Info.plist;
				IPHONEOS_DEPLOYMENT_TARGET = 14.0;
				LD_RUNPATH_SEARCH_PATHS = (
					"$(inherited)",
					"@executable_path/Frameworks",
					"@loader_path/Frameworks",
				);
				PRODUCT_BUNDLE_IDENTIFIER = home.ButtonAppTests;
				PRODUCT_NAME = "$(TARGET_NAME)";
				SWIFT_VERSION = 5.0;
				TARGETED_DEVICE_FAMILY = "1,2";
				TEST_HOST = "$(BUILT_PRODUCTS_DIR)/ButtonApp.app/ButtonApp";
			};
			name = Release;
		};
		1BABB55525715B5700CD08F2 /* Debug */ = {
			isa = XCBuildConfiguration;
			buildSettings = {
				ALWAYS_EMBED_SWIFT_STANDARD_LIBRARIES = YES;
				CODE_SIGN_STYLE = Automatic;
				DEVELOPMENT_TEAM = BLD99DCH97;
				INFOPLIST_FILE = ButtonAppUITests/Info.plist;
				LD_RUNPATH_SEARCH_PATHS = (
					"$(inherited)",
					"@executable_path/Frameworks",
					"@loader_path/Frameworks",
				);
				PRODUCT_BUNDLE_IDENTIFIER = home.ButtonAppUITests;
				PRODUCT_NAME = "$(TARGET_NAME)";
				SWIFT_VERSION = 5.0;
				TARGETED_DEVICE_FAMILY = "1,2";
				TEST_TARGET_NAME = ButtonApp;
			};
			name = Debug;
		};
		1BABB55625715B5700CD08F2 /* Release */ = {
			isa = XCBuildConfiguration;
			buildSettings = {
				ALWAYS_EMBED_SWIFT_STANDARD_LIBRARIES = YES;
				CODE_SIGN_STYLE = Automatic;
				DEVELOPMENT_TEAM = BLD99DCH97;
				INFOPLIST_FILE = ButtonAppUITests/Info.plist;
				LD_RUNPATH_SEARCH_PATHS = (
					"$(inherited)",
					"@executable_path/Frameworks",
					"@loader_path/Frameworks",
				);
				PRODUCT_BUNDLE_IDENTIFIER = home.ButtonAppUITests;
				PRODUCT_NAME = "$(TARGET_NAME)";
				SWIFT_VERSION = 5.0;
				TARGETED_DEVICE_FAMILY = "1,2";
				TEST_TARGET_NAME = ButtonApp;
			};
			name = Release;
		};
/* End XCBuildConfiguration section */

/* Begin XCConfigurationList section */
		1BABB52425715B5600CD08F2 /* Build configuration list for PBXProject "ButtonApp" */ = {
			isa = XCConfigurationList;
			buildConfigurations = (
				1BABB54C25715B5700CD08F2 /* Debug */,
				1BABB54D25715B5700CD08F2 /* Release */,
			);
			defaultConfigurationIsVisible = 0;
			defaultConfigurationName = Release;
		};
		1BABB54E25715B5700CD08F2 /* Build configuration list for PBXNativeTarget "ButtonApp" */ = {
			isa = XCConfigurationList;
			buildConfigurations = (
				1BABB54F25715B5700CD08F2 /* Debug */,
				1BABB55025715B5700CD08F2 /* Release */,
			);
			defaultConfigurationIsVisible = 0;
			defaultConfigurationName = Release;
		};
		1BABB55125715B5700CD08F2 /* Build configuration list for PBXNativeTarget "ButtonAppTests" */ = {
			isa = XCConfigurationList;
			buildConfigurations = (
				1BABB55225715B5700CD08F2 /* Debug */,
				1BABB55325715B5700CD08F2 /* Release */,
			);
			defaultConfigurationIsVisible = 0;
			defaultConfigurationName = Release;
		};
		1BABB55425715B5700CD08F2 /* Build configuration list for PBXNativeTarget "ButtonAppUITests" */ = {
			isa = XCConfigurationList;
			buildConfigurations = (
				1BABB55525715B5700CD08F2 /* Debug */,
				1BABB55625715B5700CD08F2 /* Release */,
			);
			defaultConfigurationIsVisible = 0;
			defaultConfigurationName = Release;
		};
/* End XCConfigurationList section */
	};
	rootObject = 1BABB52125715B5600CD08F2 /* Project object */;
}
